
Microsoft Visual Studio Solution File, Format Version 12.00
# Visual Studio 15
VisualStudioVersion = 15.0.27130.2020
MinimumVisualStudioVersion = 10.0.40219.1
Project("{FAE04EC0-301F-11D3-BF4B-00C04F79EFBC}") = "SP_Uploader", "SP_Uploader\SP_Uploader.csproj", "{0148F61A-1499-480C-9E64-924457D017E6}"
EndProject
Global
	GlobalSection(SolutionConfigurationPlatforms) = preSolution
		Debug|Any CPU = Debug|Any CPU
		Release|Any CPU = Release|Any CPU
	EndGlobalSection
	GlobalSection(ProjectConfigurationPlatforms) = postSolution
		{0148F61A-1499-480C-9E64-924457D017E6}.Debug|Any CPU.ActiveCfg = Debug|Any CPU
		{0148F61A-1499-480C-9E64-924457D017E6}.Debug|Any CPU.Build.0 = Debug|Any CPU
		{0148F61A-1499-480C-9E64-924457D017E6}.Release|Any CPU.ActiveCfg = Release|Any CPU
		{0148F61A-1499-480C-9E64-924457D017E6}.Release|Any CPU.Build.0 = Release|Any CPU
	EndGlobalSection
	GlobalSection(SolutionProperties) = preSolution
		HideSolutionNode = FALSE
	EndGlobalSection
	GlobalSection(ExtensibilityGlobals) = postSolution
		SolutionGuid = {ABBC74A3-F7F9-4509-AF21-6EA9D0B6B94C}
	EndGlobalSection
EndGlobal
